
Microsoft Visual Studio Solution File, Format Version 12.00
# Visual Studio Version 17
VisualStudioVersion = 17.11.35327.3
MinimumVisualStudioVersion = 10.0.40219.1
Project("{FAE04EC0-301F-11D3-BF4B-00C04F79EFBC}") = "API", "FinalProject\API.csproj", "{63712E89-5D1B-4451-8A3F-1782A0C8D366}"
EndProject
Project("{FAE04EC0-301F-11D3-BF4B-00C04F79EFBC}") = "DAL", "DAL\DAL.csproj", "{39983647-D493-4ED1-AA02-2A97932601B1}"
EndProject
Project("{FAE04EC0-301F-11D3-BF4B-00C04F79EFBC}") = "BL", "BL\BL.csproj", "{E555E6A2-BBA0-4941-ACDE-42D489BA4AC5}"
EndProject
Project("{FAE04EC0-301F-11D3-BF4B-00C04F79EFBC}") = "DTO", "DTO\DTO.csproj", "{E6842BAD-CBBF-41BA-89D0-022575D93B9D}"
EndProject
Global
	GlobalSection(SolutionConfigurationPlatforms) = preSolution
		Debug|Any CPU = Debug|Any CPU
		Release|Any CPU = Release|Any CPU
	EndGlobalSection
	GlobalSection(ProjectConfigurationPlatforms) = postSolution
		{63712E89-5D1B-4451-8A3F-1782A0C8D366}.Debug|Any CPU.ActiveCfg = Debug|Any CPU
		{63712E89-5D1B-4451-8A3F-1782A0C8D366}.Debug|Any CPU.Build.0 = Debug|Any CPU
		{63712E89-5D1B-4451-8A3F-1782A0C8D366}.Release|Any CPU.ActiveCfg = Release|Any CPU
		{63712E89-5D1B-4451-8A3F-1782A0C8D366}.Release|Any CPU.Build.0 = Release|Any CPU
		{39983647-D493-4ED1-AA02-2A97932601B1}.Debug|Any CPU.ActiveCfg = Debug|Any CPU
		{39983647-D493-4ED1-AA02-2A97932601B1}.Debug|Any CPU.Build.0 = Debug|Any CPU
		{39983647-D493-4ED1-AA02-2A97932601B1}.Release|Any CPU.ActiveCfg = Release|Any CPU
		{39983647-D493-4ED1-AA02-2A97932601B1}.Release|Any CPU.Build.0 = Release|Any CPU
		{E555E6A2-BBA0-4941-ACDE-42D489BA4AC5}.Debug|Any CPU.ActiveCfg = Debug|Any CPU
		{E555E6A2-BBA0-4941-ACDE-42D489BA4AC5}.Debug|Any CPU.Build.0 = Debug|Any CPU
		{E555E6A2-BBA0-4941-ACDE-42D489BA4AC5}.Release|Any CPU.ActiveCfg = Release|Any CPU
		{E555E6A2-BBA0-4941-ACDE-42D489BA4AC5}.Release|Any CPU.Build.0 = Release|Any CPU
		{E6842BAD-CBBF-41BA-89D0-022575D93B9D}.Debug|Any CPU.ActiveCfg = Debug|Any CPU
		{E6842BAD-CBBF-41BA-89D0-022575D93B9D}.Debug|Any CPU.Build.0 = Debug|Any CPU
		{E6842BAD-CBBF-41BA-89D0-022575D93B9D}.Release|Any CPU.ActiveCfg = Release|Any CPU
		{E6842BAD-CBBF-41BA-89D0-022575D93B9D}.Release|Any CPU.Build.0 = Release|Any CPU
	EndGlobalSection
	GlobalSection(SolutionProperties) = preSolution
		HideSolutionNode = FALSE
	EndGlobalSection
	GlobalSection(ExtensibilityGlobals) = postSolution
		SolutionGuid = {5E9D1F4C-9ECB-4700-ACA4-3853312DAD77}
	EndGlobalSection
EndGlobal
